
Microsoft Visual Studio Solution File, Format Version 12.00
# Visual Studio Version 17
VisualStudioVersion = 17.11.35327.3
MinimumVisualStudioVersion = 10.0.40219.1
Project("{FAE04EC0-301F-11D3-BF4B-00C04F79EFBC}") = "grafy_20_11", "grafy_20_11.csproj", "{2D97A07B-75C5-42BC-B04F-7BA9BF09C29A}"
EndProject
Global
	GlobalSection(SolutionConfigurationPlatforms) = preSolution
		Debug|Any CPU = Debug|Any CPU
		Release|Any CPU = Release|Any CPU
	EndGlobalSection
	GlobalSection(ProjectConfigurationPlatforms) = postSolution
		{2D97A07B-75C5-42BC-B04F-7BA9BF09C29A}.Debug|Any CPU.ActiveCfg = Debug|Any CPU
		{2D97A07B-75C5-42BC-B04F-7BA9BF09C29A}.Debug|Any CPU.Build.0 = Debug|Any CPU
		{2D97A07B-75C5-42BC-B04F-7BA9BF09C29A}.Release|Any CPU.ActiveCfg = Release|Any CPU
		{2D97A07B-75C5-42BC-B04F-7BA9BF09C29A}.Release|Any CPU.Build.0 = Release|Any CPU
	EndGlobalSection
	GlobalSection(SolutionProperties) = preSolution
		HideSolutionNode = FALSE
	EndGlobalSection
	GlobalSection(ExtensibilityGlobals) = postSolution
		SolutionGuid = {39AB44DD-D319-4AA9-9BA0-EAF1542E2215}
	EndGlobalSection
EndGlobal
